
Microsoft Visual Studio Solution File, Format Version 12.00
# Visual Studio 15
VisualStudioVersion = 15.0.26403.3
MinimumVisualStudioVersion = 10.0.40219.1
Project("{FAE04EC0-301F-11D3-BF4B-00C04F79EFBC}") = "BookReader.Web", "BookReader.Web\BookReader.Web.csproj", "{19366817-4E74-40BB-9F26-622895FD5E15}"
EndProject
Project("{FAE04EC0-301F-11D3-BF4B-00C04F79EFBC}") = "BookReader.Data", "BookReader.Data\BookReader.Data.csproj", "{B1BE8A22-3389-424A-8B4D-366EDBADEB56}"
EndProject
Project("{00D1A9C2-B5F0-4AF3-8072-F6C62B433612}") = "BookReader.Database", "BookReader.Database\BookReader.Database.sqlproj", "{2A0E781D-8810-4D01-9D4B-4A8DC2DC789D}"
EndProject
Project("{2150E333-8FDC-42A3-9474-1A3956D46DE8}") = "UnitTests", "UnitTests", "{DD4F5A0A-BB8B-4D4A-A057-11A382D74E4C}"
EndProject
Project("{FAE04EC0-301F-11D3-BF4B-00C04F79EFBC}") = "BookReader.Web.Tests", "BookReader.Web.Tests\BookReader.Web.Tests.csproj", "{F85386B0-4129-4A81-9EE1-2460062D03EA}"
EndProject
Global
	GlobalSection(SolutionConfigurationPlatforms) = preSolution
		Debug|Any CPU = Debug|Any CPU
		Release|Any CPU = Release|Any CPU
	EndGlobalSection
	GlobalSection(ProjectConfigurationPlatforms) = postSolution
		{19366817-4E74-40BB-9F26-622895FD5E15}.Debug|Any CPU.ActiveCfg = Debug|Any CPU
		{19366817-4E74-40BB-9F26-622895FD5E15}.Debug|Any CPU.Build.0 = Debug|Any CPU
		{19366817-4E74-40BB-9F26-622895FD5E15}.Release|Any CPU.ActiveCfg = Release|Any CPU
		{19366817-4E74-40BB-9F26-622895FD5E15}.Release|Any CPU.Build.0 = Release|Any CPU
		{B1BE8A22-3389-424A-8B4D-366EDBADEB56}.Debug|Any CPU.ActiveCfg = Debug|Any CPU
		{B1BE8A22-3389-424A-8B4D-366EDBADEB56}.Debug|Any CPU.Build.0 = Debug|Any CPU
		{B1BE8A22-3389-424A-8B4D-366EDBADEB56}.Release|Any CPU.ActiveCfg = Release|Any CPU
		{B1BE8A22-3389-424A-8B4D-366EDBADEB56}.Release|Any CPU.Build.0 = Release|Any CPU
		{2A0E781D-8810-4D01-9D4B-4A8DC2DC789D}.Debug|Any CPU.ActiveCfg = Debug|Any CPU
		{2A0E781D-8810-4D01-9D4B-4A8DC2DC789D}.Debug|Any CPU.Build.0 = Debug|Any CPU
		{2A0E781D-8810-4D01-9D4B-4A8DC2DC789D}.Debug|Any CPU.Deploy.0 = Debug|Any CPU
		{2A0E781D-8810-4D01-9D4B-4A8DC2DC789D}.Release|Any CPU.ActiveCfg = Release|Any CPU
		{2A0E781D-8810-4D01-9D4B-4A8DC2DC789D}.Release|Any CPU.Build.0 = Release|Any CPU
		{2A0E781D-8810-4D01-9D4B-4A8DC2DC789D}.Release|Any CPU.Deploy.0 = Release|Any CPU
		{F85386B0-4129-4A81-9EE1-2460062D03EA}.Debug|Any CPU.ActiveCfg = Debug|Any CPU
		{F85386B0-4129-4A81-9EE1-2460062D03EA}.Debug|Any CPU.Build.0 = Debug|Any CPU
		{F85386B0-4129-4A81-9EE1-2460062D03EA}.Release|Any CPU.ActiveCfg = Release|Any CPU
		{F85386B0-4129-4A81-9EE1-2460062D03EA}.Release|Any CPU.Build.0 = Release|Any CPU
	EndGlobalSection
	GlobalSection(SolutionProperties) = preSolution
		HideSolutionNode = FALSE
	EndGlobalSection
	GlobalSection(NestedProjects) = preSolution
		{F85386B0-4129-4A81-9EE1-2460062D03EA} = {DD4F5A0A-BB8B-4D4A-A057-11A382D74E4C}
	EndGlobalSection
EndGlobal
